#MicroXplorer Configuration settings - do not modify
SH.FMC_D7_DA7.1=FMC_D7,sd-16b-d1
SH.FMC_D7_DA7.0=FMC_D7,16b-d1
SH.FMC_D0_DA0.ConfNb=2
RCC.USART1Freq_Value=60000000
SH.FMC_A8.ConfNb=2
SH.FMC_A4.ConfNb=2
SH.FMC_A0.ConfNb=2
SH.FMC_D6_DA6.ConfNb=2
FMC.SDClockPeriod2=FMC_SDRAM_CLOCK_PERIOD_2
SH.FMC_D9_DA9.ConfNb=2
FMC.RCDDelay1=2
FMC.SDClockPeriod1=FMC_SDRAM_CLOCK_PERIOD_2
SH.FMC_A0.0=FMC_A0,19b-a1
SH.FMC_A0.1=FMC_A0,13b-sda1
PA10.GPIO_PuPd=GPIO_PULLUP
PG4.Signal=FMC_A14_BA0
PG8.Signal=FMC_SDCLK
RCC.PLLCLKFreq_Value=120000000
RCC.PLLQCLKFreq_Value=48000000
PG0.Signal=FMC_A10
FMC.LoadToActiveDelay1=2
SH.FMC_SDNWE.ConfNb=1
USART1.IPParameters=VirtualMode-Asynchronous
SH.FMC_D5_DA5.1=FMC_D5,sd-16b-d1
SH.FMC_D5_DA5.0=FMC_D5,16b-d1
SH.FMC_NOE.ConfNb=1
PinOutPanel.RotationAngle=0
SH.FMC_NWE.0=FMC_NWE,Sram1
RCC.SYSCLKSource=RCC_SYSCLKSOURCE_PLLCLK
SH.FMC_A15_BA1.0=FMC_A15,19b-a1
SH.FMC_A15_BA1.1=FMC_BA1,FourSdramBanks1
SH.FMC_D9_DA9.0=FMC_D9,16b-d1
SH.FMC_D9_DA9.1=FMC_D9,sd-16b-d1
RCC.LPTIM1Freq_Value=30000000
NVIC.SVCall_IRQn=true\:0\:0\:false\:false\:false\:false\:false\:false
SH.FMC_A12.ConfNb=2
PH5.Signal=GPIO_Output
RCC.LCDTFTFreq_Value=80000000
SH.FMC_SDNWE.0=FMC_SDNWE,13b-sda1
SH.FMC_D11_DA11.0=FMC_D11,16b-d1
SH.FMC_D11_DA11.1=FMC_D11,sd-16b-d1
RCC.I2C4Freq_Value=30000000
PH5.GPIO_ModeDefaultOutputPP=GPIO_MODE_OUTPUT_OD
PD4.Signal=FMC_NOE
RCC.APB2TimFreq_Value=120000000
PC7.Signal=FMC_NE1
SH.FMC_D10_DA10.ConfNb=2
PH1/OSC_OUT.Signal=RCC_OSC_OUT
PC3.Signal=FMC_SDCKE0
PD0.Signal=FMC_D2_DA2
RCC.SAI2Freq_Value=160000000
PD8.Signal=FMC_D13_DA13
PA10.GPIO_ModeDefaultPP=GPIO_MODE_AF_PP
RCC.USART3Freq_Value=30000000
RCC.PLLSAIRCLKFreq_Value=160000000
ProjectManager.ProjectBuild=false
SH.FMC_A18.0=FMC_A18,19b-a1
NVIC.UsageFault_IRQn=true\:0\:0\:false\:false\:true\:false\:false\:false
PA4.Locked=true
FMC.SelfRefreshTime1=6
ProjectManager.FirmwarePackage=STM32Cube FW_F7 V1.16.1
SH.FMC_A2.1=FMC_A2,13b-sda1
MxDb.Version=DB.6.0.21
PB0.GPIOParameters=GPIO_Speed,GPIO_PuPd
ProjectManager.BackupPrevious=false
FMC.DataSetupTime1=85
PE9.Signal=FMC_D6_DA6
PB1.GPIO_Speed=GPIO_SPEED_FREQ_HIGH
SH.FMC_A2.0=FMC_A2,19b-a1
SH.FMC_D15_DA15.ConfNb=2
SH.FMC_D1_DA1.0=FMC_D1,16b-d1
SH.FMC_D1_DA1.1=FMC_D1,sd-16b-d1
NVIC.PendSV_IRQn=true\:15\:0\:false\:false\:false\:true\:false\:false
PF3.Signal=FMC_A3
VP_FREERTOS_VS_CMSIS_V1.Mode=CMSIS_V1
PE10.Signal=FMC_D7_DA7
PH3.GPIO_PuPd=GPIO_PULLUP
ProjectManager.HalAssertFull=false
ADC1.SamplingTime-0\#ChannelRegularConversion=ADC_SAMPLETIME_3CYCLES
RCC.MCO2PinFreq_Value=120000000
Mcu.Package=LQFP176
PB1.Signal=GPIO_Output
PA5.Locked=true
NVIC.TimeBase=TIM1_UP_TIM10_IRQn
SH.COMP_DAC1_group.ConfNb=1
PD12.Signal=FMC_A17_ALE
FMC.ExtendedDataSetupTime1=15
SH.FMC_SDNCAS.ConfNb=1
SH.FMC_A11.ConfNb=2
NVIC.TimeBaseIP=TIM1
PA10.Signal=USART1_RX
FREERTOS.FootprintOK=true
RCC.DFSDMFreq_Value=60000000
FMC.WriteRecoveryTime1=4
SH.FMC_A1.1=FMC_A1,13b-sda1
SH.FMC_A1.0=FMC_A1,19b-a1
PH4.PinState=GPIO_PIN_SET
PH2.Signal=GPIO_Input
RCC.APB2CLKDivider=RCC_HCLK_DIV2
SH.FMC_SDCLK.0=FMC_SDCLK,13b-sda1
RCC.CECFreq_Value=32786.88524590164
PF14.Signal=FMC_A8
RCC.APB1TimFreq_Value=60000000
NVIC.BusFault_IRQn=true\:0\:0\:false\:false\:true\:false\:false\:false
PH5.GPIO_Speed=GPIO_SPEED_FREQ_HIGH
FMC.RowCycleDelay2=6
FMC.RowCycleDelay1=6
USB_OTG_FS.IPParameters=VirtualMode
RCC.DFSDMAudioFreq_Value=160000000
NVIC.USART1_IRQn=true\:5\:0\:false\:false\:true\:true\:true\:true
FMC.ColumnBitsNumber1=FMC_SDRAM_COLUMN_BITS_NUM_9
PD15.Signal=FMC_D1_DA1
SH.FMC_D3_DA3.0=FMC_D3,16b-d1
ProjectManager.CustomerFirmwarePackage=
SH.FMC_D3_DA3.1=FMC_D3,sd-16b-d1
RCC.PLLSAIQCLKFreq_Value=160000000
SH.FMC_D3_DA3.ConfNb=2
SH.FMC_A4.0=FMC_A4,19b-a1
PA0/WKUP.GPIOParameters=GPIO_PuPd
SH.FMC_A7.ConfNb=2
RCC.PLLQoutputFreq_Value=48000000
ProjectManager.ProjectFileName=test624.ioc
SH.FMC_A4.1=FMC_A4,13b-sda1
SH.FMC_A5.ConfNb=2
SH.FMC_A1.ConfNb=2
FREERTOS.Tasks01=defaultTask,0,128,StartDefaultTask,Default,NULL,Dynamic,NULL,NULL;USART_REC,-3,128,UASRT_RE,As external,NULL,Dynamic,NULL,NULL;KeyScan,-3,128,Key_Scan,As external,NULL,Dynamic,NULL,NULL;TP_Task,-3,128,TP_test,As external,NULL,Dynamic,NULL,NULL
ADC1.Rank-0\#ChannelRegularConversion=1
FMC.ExtendedMode1=FMC_EXTENDED_MODE_ENABLE
Mcu.PinsNb=69
ADC1.IPParameters=Rank-0\#ChannelRegularConversion,master,Channel-0\#ChannelRegularConversion,SamplingTime-0\#ChannelRegularConversion,NbrOfConversionFlag,ClockPrescaler
PC13.Locked=true
PG5.Signal=FMC_A15_BA1
SH.FMC_D10_DA10.1=FMC_D10,sd-16b-d1
FMC.WriteFifo1=FMC_WRITE_FIFO_DISABLE
PC13.Signal=GPIO_Input
SH.FMC_D10_DA10.0=FMC_D10,16b-d1
FREERTOS.INCLUDE_vTaskDelayUntil=0
PC2.Signal=FMC_SDNE0
PD1.Signal=FMC_D3_DA3
PH5.PinState=GPIO_PIN_SET
Mcu.Pin68=VP_USB_DEVICE_VS_USB_DEVICE_CDC_FS
RCC.UART8Freq_Value=30000000
PC0.Signal=FMC_SDNWE
RCC.APB1CLKDivider=RCC_HCLK_DIV4
SH.FMC_NOE.0=FMC_NOE,Sram1
SH.FMC_A16_CLE.ConfNb=1
Mcu.Pin62=PD5
Mcu.Pin63=PG15
Mcu.Pin60=PD1
Mcu.Pin61=PD4
Mcu.Pin66=VP_SYS_VS_tim1
Mcu.Pin67=VP_TIM3_VS_ClockSourceINT
Mcu.Pin64=PB5
Mcu.Pin65=VP_FREERTOS_VS_CMSIS_V1
PD10.Signal=FMC_D15_DA15
SH.FMC_A3.1=FMC_A3,13b-sda1
SH.FMC_A3.0=FMC_A3,19b-a1
Mcu.Pin59=PD0
FMC.CASLatency1=FMC_SDRAM_CAS_LATENCY_3
Mcu.Pin57=PA13
Mcu.Pin58=PA14
PH4.Locked=true
SH.FMC_D15_DA15.1=FMC_D15,sd-16b-d1
Mcu.Pin51=PG8
RCC.USART6Freq_Value=60000000
SH.FMC_D15_DA15.0=FMC_D15,16b-d1
Mcu.Pin52=PC7
Mcu.Pin50=PG5
Mcu.Pin55=PA11
Mcu.Pin56=PA12
Mcu.Pin53=PA9
Mcu.Pin54=PA10
PA9.Signal=USART1_TX
PB5.Locked=true
FMC.ExtendedBusTurnAroundDuration1=1
Mcu.Pin48=PG3
Mcu.Pin49=PG4
Mcu.Pin46=PD15
Mcu.Pin47=PG2
PA5.Signal=ADCx_IN5
Mcu.Pin40=PD9
Mcu.Pin41=PD10
Mcu.Pin44=PD13
Mcu.Pin45=PD14
Mcu.Pin42=PD11
Mcu.Pin43=PD12
ProjectManager.LastFirmware=true
FMC.ReadBurst1=FMC_SDRAM_RBURST_ENABLE
SH.FMC_A6.0=FMC_A6,19b-a1
FMC.ReadBurst2=FMC_SDRAM_RBURST_ENABLE
PE14.Signal=FMC_D11_DA11
SH.FMC_A6.1=FMC_A6,13b-sda1
PE15.Signal=FMC_D12_DA12
Mcu.Pin37=PE14
Mcu.Pin38=PE15
Mcu.Pin35=PE12
RCC.I2C1Freq_Value=30000000
PE8.Signal=FMC_D5_DA5
Mcu.Pin36=PE13
VP_SYS_VS_tim1.Signal=SYS_VS_tim1
RCC.PLLI2SPCLKFreq_Value=160000000
PH4.GPIO_Speed=GPIO_SPEED_FREQ_HIGH
SH.FMC_D14_DA14.ConfNb=2
Mcu.Pin39=PD8
RCC.RNGFreq_Value=48000000
Mcu.Pin30=PE7
RCC.EthernetFreq_Value=120000000
Mcu.Pin33=PE10
TIM3.IPParameters=Prescaler
Mcu.Pin34=PE11
Mcu.Pin31=PE8
Mcu.Pin32=PE9
PA9.Locked=true
NVIC.NonMaskableInt_IRQn=true\:0\:0\:false\:false\:true\:false\:false\:false
PF13.Signal=FMC_A7
PA0/WKUP.GPIO_PuPd=GPIO_PULLDOWN
PA13.Mode=Serial_Wire
SH.FMC_SDNCAS.0=FMC_SDNCAS,13b-sda1
ProjectManager.FreePins=false
RCC.PLLI2SQCLKFreq_Value=160000000
Mcu.Pin26=PF14
Mcu.Pin27=PF15
Mcu.Pin24=PF12
ProjectManager.UnderRoot=true
Mcu.Pin25=PF13
Mcu.Pin28=PG0
Mcu.Pin29=PG1
SH.FMC_D7_DA7.ConfNb=2
PA4.Signal=COMP_DAC1_group
Mcu.Pin22=PB1
PB5.Signal=GPIO_Output
Mcu.Pin23=PF11
Mcu.Pin20=PA5
ADC1.master=1
Mcu.Pin21=PB0
PA10.Locked=true
NVIC.ForceEnableDMAVector=true
PD11.Signal=FMC_A16_CLE
NVIC.MemoryManagement_IRQn=true\:0\:0\:false\:false\:true\:false\:false\:false
SH.FMC_A10.ConfNb=2
ProjectManager.CompilerOptimize=6
SH.FMC_A5.1=FMC_A5,13b-sda1
SH.FMC_A5.0=FMC_A5,19b-a1
PA11.Signal=USB_OTG_FS_DM
SH.FMC_SDNRAS.ConfNb=1
ProjectManager.HeapSize=0x1000
Mcu.Pin15=PH2
NVIC.HardFault_IRQn=true\:0\:0\:false\:false\:true\:false\:false\:false
PH5.Locked=true
Mcu.Pin16=PH3
Mcu.Pin13=PC3
Mcu.Pin14=PA0/WKUP
Mcu.Pin19=PA4
NVIC.TIM1_UP_TIM10_IRQn=true\:0\:0\:false\:false\:true\:false\:false\:true
ProjectManager.ComputerToolchain=false
Mcu.Pin17=PH4
Mcu.Pin18=PH5
SH.ADCx_IN5.0=ADC1_IN5,IN5
NVIC.PriorityGroup=NVIC_PRIORITYGROUP_4
Mcu.Pin11=PC0
Mcu.Pin12=PC2
Mcu.Pin10=PH1/OSC_OUT
PC15/OSC32_OUT.Signal=RCC_OSC32_OUT
PF4.Signal=FMC_A4
SH.ADCx_IN5.ConfNb=1
SH.FMC_D12_DA12.ConfNb=2
RCC.I2C2Freq_Value=30000000
RCC.SDMMC2Freq_Value=120000000
PB0.Signal=GPIO_Output
Mcu.Family=STM32F7
FMC.IPParameters=WriteOperation1,WriteFifo1,ExtendedMode1,DataSetupTime1,BusTurnAroundDuration1,ExtendedDataSetupTime1,ExtendedBusTurnAroundDuration1,ColumnBitsNumber1,CASLatency1,SDClockPeriod1,SDClockPeriod2,ReadBurst1,ReadBurst2,ReadPipeDelay1,ReadPipeDelay2,LoadToActiveDelay1,ExitSelfRefreshDelay1,SelfRefreshTime1,RowCycleDelay1,RowCycleDelay2,WriteRecoveryTime1,RPDelay1,RPDelay2,RCDDelay1
PC3.Mode=SdramChipSelect1_1
ProjectManager.MainLocation=Core/Src
SH.FMC_A6.ConfNb=2
USB_DEVICE.CLASS_NAME_FS=CDC
SH.FMC_A8.0=FMC_A8,19b-a1
RCC.SAI1Freq_Value=160000000
RCC.CortexFreq_Value=120000000
SH.FMC_A2.ConfNb=2
SH.FMC_A8.1=FMC_A8,13b-sda1
ProjectManager.KeepUserCode=true
Mcu.UserName=STM32F767IGTx
SH.FMC_D14_DA14.0=FMC_D14,16b-d1
SH.FMC_D14_DA14.1=FMC_D14,sd-16b-d1
PG2.Signal=FMC_A12
ProjectManager.functionlistsort=1-MX_GPIO_Init-GPIO-false-HAL-true,2-SystemClock_Config-RCC-false-HAL-false,3-MX_USART1_UART_Init-USART1-false-HAL-true,4-MX_USB_DEVICE_Init-USB_DEVICE-false-HAL-false,5-MX_TIM3_Init-TIM3-false-HAL-true,6-MX_FMC_Init-FMC-false-HAL-true,7-MX_ADC1_Init-ADC1-false-HAL-true,0-MX_CORTEX_M7_Init-CORTEX_M7-false-HAL-true
PA9.GPIOParameters=GPIO_Speed
SH.FMC_D6_DA6.1=FMC_D6,sd-16b-d1
SH.FMC_D6_DA6.0=FMC_D6,16b-d1
PA11.Mode=Device_Only
PA0/WKUP.Signal=GPIO_Input
PC14/OSC32_IN.Mode=LSE-External-Oscillator
RCC.PLLI2SRCLKFreq_Value=160000000
USB_DEVICE.VirtualMode-CDC_FS=Cdc
SH.FMC_A14_BA0.1=FMC_BA0,FourSdramBanks1
RCC.USART2Freq_Value=30000000
SH.FMC_A14_BA0.0=FMC_A14,19b-a1
SH.FMC_A11.0=FMC_A11,19b-a1
FMC.WriteOperation1=FMC_WRITE_OPERATION_ENABLE
PH5.GPIOParameters=GPIO_Speed,PinState,GPIO_PuPd,GPIO_ModeDefaultOutputPP
PG15.Signal=FMC_SDNCAS
SH.FMC_A11.1=FMC_A11,13b-sda1
ProjectManager.StackSize=0x1000
PB5.GPIOParameters=PinState
PH2.GPIO_PuPd=GPIO_PULLUP
RCC.I2C3Freq_Value=30000000
PD13.Signal=FMC_A18
Mcu.IP4=FREERTOS
Mcu.IP5=NVIC
RCC.FCLKCortexFreq_Value=120000000
Mcu.IP2=DAC
Mcu.IP3=FMC
SH.FMC_A7.1=FMC_A7,13b-sda1
Mcu.IP0=ADC1
SH.FMC_A7.0=FMC_A7,19b-a1
Mcu.IP1=CORTEX_M7
PH4.GPIOParameters=GPIO_Speed,PinState,GPIO_PuPd,GPIO_ModeDefaultOutputPP
PA12.Signal=USB_OTG_FS_DP
Mcu.UserConstants=
PH3.Locked=true
RCC.SDMMCFreq_Value=120000000
Mcu.ThirdPartyNb=0
PB1.GPIO_PuPd=GPIO_PULLUP
PH0/OSC_IN.Mode=HSE-External-Oscillator
RCC.HCLKFreq_Value=120000000
Mcu.IPNb=12
RCC.PLLI2SRoutputFreq_Value=160000000
ProjectManager.PreviousToolchain=
SH.FMC_NWE.ConfNb=1
RCC.SPDIFRXFreq_Value=160000000
PA0/WKUP.Locked=true
PB5.PinState=GPIO_PIN_SET
PF12.Signal=FMC_A6
PH4.GPIO_ModeDefaultOutputPP=GPIO_MODE_OUTPUT_OD
Mcu.Pin6=PF3
Mcu.Pin7=PF4
Mcu.Pin8=PF5
Mcu.Pin9=PH0/OSC_IN
RCC.VCOSAIOutputFreq_Value=320000000
FREERTOS.IPParameters=Tasks01,FootprintOK,INCLUDE_vTaskDelayUntil
SH.FMC_A10.0=FMC_A10,19b-a1
RCC.AHBFreq_Value=120000000
SH.FMC_A10.1=FMC_A10,13b-sda1
Mcu.Pin0=PC13
Mcu.Pin1=PC14/OSC32_IN
GPIO.groupedBy=Group By Peripherals
Mcu.Pin2=PC15/OSC32_OUT
Mcu.Pin3=PF0
Mcu.Pin4=PF1
Mcu.Pin5=PF2
ADC1.Channel-0\#ChannelRegularConversion=ADC_CHANNEL_5
RCC.HSE_VALUE=25000000
NVIC.DebugMonitor_IRQn=true\:0\:0\:false\:false\:true\:false\:false\:false
SH.FMC_A14_BA0.ConfNb=2
SH.FMC_D8_DA8.0=FMC_D8,16b-d1
SH.FMC_D8_DA8.1=FMC_D8,sd-16b-d1
FMC.ExitSelfRefreshDelay1=8
FMC.RPDelay2=2
Mcu.IP10=USB_DEVICE
FMC.RPDelay1=2
NVIC.SysTick_IRQn=true\:15\:0\:false\:false\:false\:true\:false\:true
Mcu.IP11=USB_OTG_FS
SH.FMC_D2_DA2.0=FMC_D2,16b-d1
PH4.GPIO_PuPd=GPIO_PULLUP
SH.FMC_D2_DA2.1=FMC_D2,sd-16b-d1
FMC.BusTurnAroundDuration1=1
PE13.Signal=FMC_D10_DA10
RCC.VCOInputFreq_Value=1666666.6666666667
PA14.Mode=Serial_Wire
VP_SYS_VS_tim1.Mode=TIM1
TIM3.Prescaler=60
PF11.Signal=FMC_SDNRAS
File.Version=6
PC13.GPIO_PuPd=GPIO_PULLUP
SH.FMC_D5_DA5.ConfNb=2
PH3.GPIOParameters=GPIO_PuPd
SH.FMC_D2_DA2.ConfNb=2
FMC.ReadPipeDelay1=FMC_SDRAM_RPIPE_DELAY_1
FMC.ReadPipeDelay2=FMC_SDRAM_RPIPE_DELAY_1
SH.FMC_SDNRAS.0=FMC_SDNRAS,13b-sda1
PH1/OSC_OUT.Mode=HSE-External-Oscillator
PB0.Locked=true
ProjectManager.ProjectName=test624
SH.FMC_A13.0=FMC_A13,19b-a1
SH.FMC_D0_DA0.0=FMC_D0,16b-d1
SH.FMC_D0_DA0.1=FMC_D0,sd-16b-d1
PC14/OSC32_IN.Signal=RCC_OSC32_IN
SH.FMC_D4_DA4.ConfNb=2
NVIC.OTG_FS_IRQn=true\:5\:0\:false\:false\:true\:true\:false\:true
ProjectManager.ToolChainLocation=
RCC.LSI_VALUE=32000
SH.FMC_A9.1=FMC_A9,13b-sda1
USB_OTG_FS.VirtualMode=Device_Only
SH.FMC_A9.0=FMC_A9,19b-a1
SH.FMC_D4_DA4.1=FMC_D4,sd-16b-d1
SH.FMC_D4_DA4.0=FMC_D4,16b-d1
VP_USB_DEVICE_VS_USB_DEVICE_CDC_FS.Signal=USB_DEVICE_VS_USB_DEVICE_CDC_FS
PF5.Signal=FMC_A5
PF0.Signal=FMC_A0
PE7.Signal=FMC_D4_DA4
VP_TIM3_VS_ClockSourceINT.Mode=Internal
SH.FMC_A12.0=FMC_A12,19b-a1
SH.FMC_A12.1=FMC_A12,13b-sda1
SH.FMC_A3.ConfNb=2
SH.COMP_DAC1_group.0=DAC_OUT1,DAC_OUT1
RCC.I2SFreq_Value=160000000
SH.FMC_A9.ConfNb=2
RCC.UART7Freq_Value=30000000
PA10.Mode=Asynchronous
ProjectManager.NoMain=false
USB_DEVICE.VirtualModeFS=Cdc_FS
PG3.Signal=FMC_A13
PG1.Signal=FMC_A11
NVIC.SavedSvcallIrqHandlerGenerated=true
RCC.PLLRFreq_Value=120000000
SH.FMC_SDCLK.ConfNb=1
ProjectManager.DefaultFWLocation=true
PC2.Mode=SdramChipSelect1_1
PD9.Signal=FMC_D14_DA14
PD5.Signal=FMC_NWE
SH.FMC_A13.ConfNb=1
ProjectManager.DeletePrevious=true
USB_DEVICE.IPParameters=VirtualMode-CDC_FS,VirtualModeFS,CLASS_NAME_FS
RCC.FamilyName=M
PB0.GPIO_Speed=GPIO_SPEED_FREQ_HIGH
USART1.VirtualMode-Asynchronous=VM_ASYNC
PA13.Signal=SYS_JTMS-SWDIO
VP_FREERTOS_VS_CMSIS_V1.Signal=FREERTOS_VS_CMSIS_V1
PA9.Mode=Asynchronous
SH.FMC_A15_BA1.ConfNb=2
PH4.Signal=GPIO_Output
SH.FMC_A17_ALE.0=FMC_A17,19b-a1
ProjectManager.TargetToolchain=STM32CubeIDE
SH.FMC_D13_DA13.0=FMC_D13,16b-d1
SH.FMC_A16_CLE.0=FMC_A16,19b-a1
SH.FMC_D1_DA1.ConfNb=2
SH.FMC_D13_DA13.1=FMC_D13,sd-16b-d1
PH5.GPIO_PuPd=GPIO_PULLUP
VP_USB_DEVICE_VS_USB_DEVICE_CDC_FS.Mode=CDC_FS
PF2.Signal=FMC_A2
ProjectManager.RegisterCallBack=
RCC.USBFreq_Value=48000000
PH2.GPIOParameters=GPIO_PuPd
VP_TIM3_VS_ClockSourceINT.Signal=TIM3_VS_ClockSourceINT
RCC.PLLSAIoutputFreq_Value=160000000
PE11.Signal=FMC_D8_DA8
PB1.Locked=true
RCC.VCOI2SOutputFreq_Value=320000000
RCC.PLLSAIPCLKFreq_Value=160000000
board=custom
RCC.VCOOutputFreq_Value=240000000
PH0/OSC_IN.Signal=RCC_OSC_IN
NVIC.SavedSystickIrqHandlerGenerated=true
RCC.APB2Freq_Value=60000000
RCC.UART4Freq_Value=30000000
MxCube.Version=6.2.1
SH.FMC_D13_DA13.ConfNb=2
PC13.GPIOParameters=GPIO_PuPd
PA10.GPIOParameters=GPIO_ModeDefaultPP,GPIO_PuPd
SH.FMC_D12_DA12.1=FMC_D12,sd-16b-d1
SH.FMC_D12_DA12.0=FMC_D12,16b-d1
PF15.Signal=FMC_A9
PF1.Signal=FMC_A1
SH.FMC_D11_DA11.ConfNb=2
RCC.UART5Freq_Value=30000000
RCC.IPParameters=AHBFreq_Value,APB1CLKDivider,APB1Freq_Value,APB1TimFreq_Value,APB2CLKDivider,APB2Freq_Value,APB2TimFreq_Value,CECFreq_Value,CortexFreq_Value,DFSDMAudioFreq_Value,DFSDMFreq_Value,EthernetFreq_Value,FCLKCortexFreq_Value,FamilyName,HCLKFreq_Value,HSE_VALUE,HSI_VALUE,I2C1Freq_Value,I2C2Freq_Value,I2C3Freq_Value,I2C4Freq_Value,I2SFreq_Value,LCDTFTFreq_Value,LPTIM1Freq_Value,LSI_VALUE,MCO2PinFreq_Value,PLLCLKFreq_Value,PLLI2SPCLKFreq_Value,PLLI2SQCLKFreq_Value,PLLI2SRCLKFreq_Value,PLLI2SRoutputFreq_Value,PLLM,PLLN,PLLQ,PLLQCLKFreq_Value,PLLQoutputFreq_Value,PLLRFreq_Value,PLLSAIPCLKFreq_Value,PLLSAIQCLKFreq_Value,PLLSAIRCLKFreq_Value,PLLSAIoutputFreq_Value,RNGFreq_Value,SAI1Freq_Value,SAI2Freq_Value,SDMMC2Freq_Value,SDMMCFreq_Value,SPDIFRXFreq_Value,SYSCLKFreq_VALUE,SYSCLKSource,UART4Freq_Value,UART5Freq_Value,UART7Freq_Value,UART8Freq_Value,USART1Freq_Value,USART2Freq_Value,USART3Freq_Value,USART6Freq_Value,USBFreq_Value,VCOI2SOutputFreq_Value,VCOInputFreq_Value,VCOOutputFreq_Value,VCOSAIOutputFreq_Value
ProjectManager.AskForMigrate=true
Mcu.Name=STM32F767I(G-I)Tx
PE12.Signal=FMC_D9_DA9
NVIC.SavedPendsvIrqHandlerGenerated=true
Mcu.IP8=TIM3
Mcu.IP9=USART1
PD14.Signal=FMC_D0_DA0
Mcu.IP6=RCC
Mcu.IP7=SYS
ProjectManager.CoupleFile=true
RCC.SYSCLKFreq_VALUE=120000000
PA12.Mode=Device_Only
KeepUserPlacement=false
SH.FMC_A17_ALE.ConfNb=1
PC15/OSC32_OUT.Mode=LSE-External-Oscillator
PA14.Signal=SYS_JTCK-SWCLK
RCC.HSI_VALUE=16000000
PH2.Locked=true
RCC.PLLQ=5
ADC1.NbrOfConversionFlag=1
PH3.Signal=GPIO_Input
RCC.PLLM=15
RCC.PLLN=144
PA9.GPIO_Speed=GPIO_SPEED_FREQ_VERY_HIGH
PC7.Mode=NorPsramChipSelect1_1
SH.FMC_D8_DA8.ConfNb=2
RCC.APB1Freq_Value=30000000
SH.FMC_A18.ConfNb=1
ADC1.ClockPrescaler=ADC_CLOCK_SYNC_PCLK_DIV4
ProjectManager.DeviceId=STM32F767IGTx
ProjectManager.LibraryCopy=1
PB0.GPIO_PuPd=GPIO_PULLUP
PB1.GPIOParameters=GPIO_Speed,GPIO_PuPd
isbadioc=false
